
Microsoft Visual Studio Solution File, Format Version 12.00
# Visual Studio Version 16
VisualStudioVersion = 16.0.30104.148
MinimumVisualStudioVersion = 10.0.40219.1
Project("{FAE04EC0-301F-11D3-BF4B-00C04F79EFBC}") = "SW", "SW\SW.csproj", "{F619101C-6F1A-485B-9323-76BEFD083D7E}"
EndProject
Global
	GlobalSection(SolutionConfigurationPlatforms) = preSolution
		Debug|Any CPU = Debug|Any CPU
		Release|Any CPU = Release|Any CPU
	EndGlobalSection
	GlobalSection(ProjectConfigurationPlatforms) = postSolution
		{F619101C-6F1A-485B-9323-76BEFD083D7E}.Debug|Any CPU.ActiveCfg = Debug|Any CPU
		{F619101C-6F1A-485B-9323-76BEFD083D7E}.Debug|Any CPU.Build.0 = Debug|Any CPU
		{F619101C-6F1A-485B-9323-76BEFD083D7E}.Release|Any CPU.ActiveCfg = Release|Any CPU
		{F619101C-6F1A-485B-9323-76BEFD083D7E}.Release|Any CPU.Build.0 = Release|Any CPU
	EndGlobalSection
	GlobalSection(SolutionProperties) = preSolution
		HideSolutionNode = FALSE
	EndGlobalSection
	GlobalSection(ExtensibilityGlobals) = postSolution
		SolutionGuid = {AE03BD92-E1A9-4EFF-898A-38355375B66D}
	EndGlobalSection
EndGlobal
